
Microsoft Visual Studio Solution File, Format Version 12.00
# Visual Studio Version 17
VisualStudioVersion = 17.0.31903.59
MinimumVisualStudioVersion = 10.0.40219.1
Project("{FAE04EC0-301F-11D3-BF4B-00C04F79EFBC}") = "Pri.ConsoleApplicationBuilder", "ConsoleApplicationBuilder\Pri.ConsoleApplicationBuilder.csproj", "{4B0A7ABB-5A2B-493A-AAA2-8DAD57A4D5EC}"
EndProject
Project("{FAE04EC0-301F-11D3-BF4B-00C04F79EFBC}") = "Pri.ConsoleApplicationBuilder.Tests", "Tests\Pri.ConsoleApplicationBuilder.Tests.csproj", "{D9239B4F-4550-449C-AEF1-42BD02150414}"
EndProject
Project("{FAE04EC0-301F-11D3-BF4B-00C04F79EFBC}") = "Pri.ConsoleApplicationBuilder.CommandLineExtensions", "CommandLineExtensions\Pri.ConsoleApplicationBuilder.CommandLineExtensions.csproj", "{0CE8229E-3659-42B2-A337-087FEB014AD0}"
EndProject
Global
	GlobalSection(SolutionConfigurationPlatforms) = preSolution
		Debug|Any CPU = Debug|Any CPU
		Release|Any CPU = Release|Any CPU
	EndGlobalSection
	GlobalSection(SolutionProperties) = preSolution
		HideSolutionNode = FALSE
	EndGlobalSection
	GlobalSection(ProjectConfigurationPlatforms) = postSolution
		{4B0A7ABB-5A2B-493A-AAA2-8DAD57A4D5EC}.Debug|Any CPU.ActiveCfg = Debug|Any CPU
		{4B0A7ABB-5A2B-493A-AAA2-8DAD57A4D5EC}.Debug|Any CPU.Build.0 = Debug|Any CPU
		{4B0A7ABB-5A2B-493A-AAA2-8DAD57A4D5EC}.Release|Any CPU.ActiveCfg = Release|Any CPU
		{4B0A7ABB-5A2B-493A-AAA2-8DAD57A4D5EC}.Release|Any CPU.Build.0 = Release|Any CPU
		{D9239B4F-4550-449C-AEF1-42BD02150414}.Debug|Any CPU.ActiveCfg = Debug|Any CPU
		{D9239B4F-4550-449C-AEF1-42BD02150414}.Debug|Any CPU.Build.0 = Debug|Any CPU
		{D9239B4F-4550-449C-AEF1-42BD02150414}.Release|Any CPU.ActiveCfg = Release|Any CPU
		{D9239B4F-4550-449C-AEF1-42BD02150414}.Release|Any CPU.Build.0 = Release|Any CPU
		{0CE8229E-3659-42B2-A337-087FEB014AD0}.Debug|Any CPU.ActiveCfg = Debug|Any CPU
		{0CE8229E-3659-42B2-A337-087FEB014AD0}.Debug|Any CPU.Build.0 = Debug|Any CPU
		{0CE8229E-3659-42B2-A337-087FEB014AD0}.Release|Any CPU.ActiveCfg = Release|Any CPU
		{0CE8229E-3659-42B2-A337-087FEB014AD0}.Release|Any CPU.Build.0 = Release|Any CPU
	EndGlobalSection
EndGlobal
